{
  "name": "yorb-2020",
  "version": "1.0.0",
  "lockfileVersion": 1,
  "requires": true,
  "dependencies": {
    "@types/component-emitter": {
      "version": "1.2.10",
      "resolved": "https://registry.npmjs.org/@types/component-emitter/-/component-emitter-1.2.10.tgz",
      "integrity": "sha512-bsjleuRKWmGqajMerkzox19aGbscQX5rmmvvXl3wlIp5gMG1HgkiwPxsN5p070fBDKTNSPgojVbuY1+HWMbFhg=="
    },
    "@types/debug": {
      "version": "4.1.5",
      "resolved": "https://registry.npmjs.org/@types/debug/-/debug-4.1.5.tgz",
      "integrity": "sha512-Q1y515GcOdTHgagaVFhHnIFQ38ygs/kmxdNpvpou+raI9UO3YZcHDngBSYKQklcKlvA7iuQlmIKbzvmxcOE9CQ=="
    },
    "@types/events": {
      "version": "3.0.0",
      "resolved": "https://registry.npmjs.org/@types/events/-/events-3.0.0.tgz",
      "integrity": "sha512-EaObqwIvayI5a8dCzhFrjKzVwKLxjoG9T6Ppd5CEo07LRKfQ8Yokw54r5+Wq7FaBQ+yXRvQAYPrHwya1/UFt9g=="
    },
    "awaitqueue": {
      "version": "2.1.1",
      "resolved": "https://registry.npmjs.org/awaitqueue/-/awaitqueue-2.1.1.tgz",
      "integrity": "sha512-pzmngNP5W9S0dg24oim4wEQRCBadowAxVv5aLIJmgI5a8m8Cxxm1jXtScgHzHFY1aDR5ep1rktPtRbUEuIPl0A=="
    },
    "backo2": {
      "version": "1.0.2",
      "resolved": "https://registry.npmjs.org/backo2/-/backo2-1.0.2.tgz",
      "integrity": "sha1-MasayLEpNjRj41s+u2n038+6eUc="
    },
    "bowser": {
      "version": "2.9.0",
      "resolved": "https://registry.npmjs.org/bowser/-/bowser-2.9.0.tgz",
      "integrity": "sha512-2ld76tuLBNFekRgmJfT2+3j5MIrP6bFict8WAIT3beq+srz1gcKNAdNKMqHqauQt63NmAa88HfP1/Ypa9Er3HA=="
    },
    "component-bind": {
      "version": "1.0.0",
      "resolved": "https://registry.npmjs.org/component-bind/-/component-bind-1.0.0.tgz",
      "integrity": "sha1-AMYIq33Nk4l8AAllGx06jh5zu9E="
    },
    "debug": {
      "version": "4.1.1",
      "resolved": "https://registry.npmjs.org/debug/-/debug-4.1.1.tgz",
      "integrity": "sha512-pYAIzeRo8J6KPEaJ0VWOh5Pzkbw/RetuzehGM7QRRX5he4fPHx2rdKMB256ehJCkX+XRQm16eZLqLNS8RSZXZw==",
      "requires": {
        "ms": "^2.1.1"
      }
    },
    "engine.io-client": {
      "version": "4.0.4",
      "resolved": "https://registry.npmjs.org/engine.io-client/-/engine.io-client-4.0.4.tgz",
      "integrity": "sha512-and4JRvjv+BQ4WBLopYUFePxju3ms3aBRk0XjaLdh/t9TKv2LCKtKKWFRoRzIfUZsu3U38FcYqNLuXhfS16vqw==",
      "requires": {
        "base64-arraybuffer": "0.1.4",
        "component-emitter": "~1.3.0",
        "debug": "~4.1.0",
        "engine.io-parser": "~4.0.1",
        "has-cors": "1.1.0",
        "parseqs": "0.0.6",
        "parseuri": "0.0.6",
        "ws": "~7.2.1",
        "xmlhttprequest-ssl": "~1.5.4",
        "yeast": "0.1.2"
      },
      "dependencies": {
        "base64-arraybuffer": {
          "version": "0.1.4",
          "resolved": "https://registry.npmjs.org/base64-arraybuffer/-/base64-arraybuffer-0.1.4.tgz",
          "integrity": "sha1-mBjHngWbE1X5fgQooBfIOOkLqBI="
        },
        "component-emitter": {
          "version": "1.3.0",
          "resolved": "https://registry.npmjs.org/component-emitter/-/component-emitter-1.3.0.tgz",
          "integrity": "sha512-Rd3se6QB+sO1TwqZjscQrurpEPIfO0/yYnSin6Q/rD3mOutHvUrCAhJub3r90uNb+SESBuE0QYoB90YdfatsRg=="
        },
        "engine.io-parser": {
          "version": "4.0.1",
          "resolved": "https://registry.npmjs.org/engine.io-parser/-/engine.io-parser-4.0.1.tgz",
          "integrity": "sha512-v5aZK1hlckcJDGmHz3W8xvI3NUHYc9t8QtTbqdR5OaH3S9iJZilPubauOm+vLWOMMWzpE3hiq92l9lTAHamRCg=="
        }
      }
    },
    "h264-profile-level-id": {
      "version": "1.0.1",
      "resolved": "https://registry.npmjs.org/h264-profile-level-id/-/h264-profile-level-id-1.0.1.tgz",
      "integrity": "sha512-D3Rln/jKNjKDW5ZTJTK3niSoOGE+pFqPvRHHVgQN3G7umcn/zWGPUo8Q8VpDj16x3hKz++zVviRNRmXu5cpN+Q==",
      "requires": {
        "debug": "^4.1.1"
      },
      "dependencies": {
        "debug": {
          "version": "4.1.1",
          "resolved": "https://registry.npmjs.org/debug/-/debug-4.1.1.tgz",
          "integrity": "sha512-pYAIzeRo8J6KPEaJ0VWOh5Pzkbw/RetuzehGM7QRRX5he4fPHx2rdKMB256ehJCkX+XRQm16eZLqLNS8RSZXZw==",
          "requires": {
            "ms": "^2.1.1"
          }
        },
        "ms": {
          "version": "2.1.2",
          "resolved": "https://registry.npmjs.org/ms/-/ms-2.1.2.tgz",
          "integrity": "sha512-sGkPx+VjMtmA6MX27oA4FBFELFCZZ4S4XqeGOXCv68tT+jb3vk/RyaKWP0PTKyWtmLSM0b+adUTEvbs1PEaH2w=="
        }
      }
    },
    "has-cors": {
      "version": "1.1.0",
      "resolved": "https://registry.npmjs.org/has-cors/-/has-cors-1.1.0.tgz",
      "integrity": "sha1-XkdHk/fqmEPRu5nCPu9J/xJv/zk="
    },
    "mediasoup-client": {
      "version": "3.6.5",
      "resolved": "https://registry.npmjs.org/mediasoup-client/-/mediasoup-client-3.6.5.tgz",
      "integrity": "sha512-UkUIf/sTn+zkLwdAgDNo78UOh8atBwL+OhPJN87nmRuk7X7eyFgi4CuGm/equ/7Q+6XymdyetGRBCczuR2JAog==",
      "requires": {
        "@types/debug": "^4.1.5",
        "@types/events": "^3.0.0",
        "awaitqueue": "^2.1.1",
        "bowser": "^2.9.0",
        "debug": "^4.1.1",
        "events": "^3.1.0",
        "h264-profile-level-id": "^1.0.1",
        "sdp-transform": "^2.14.0",
        "supports-color": "^7.1.0"
      },
      "dependencies": {
        "debug": {
          "version": "4.1.1",
          "resolved": "https://registry.npmjs.org/debug/-/debug-4.1.1.tgz",
          "integrity": "sha512-pYAIzeRo8J6KPEaJ0VWOh5Pzkbw/RetuzehGM7QRRX5he4fPHx2rdKMB256ehJCkX+XRQm16eZLqLNS8RSZXZw==",
          "requires": {
            "ms": "^2.1.1"
          }
        },
        "events": {
          "version": "3.1.0",
          "resolved": "https://registry.npmjs.org/events/-/events-3.1.0.tgz",
          "integrity": "sha512-Rv+u8MLHNOdMjTAFeT3nCjHn2aGlx435FP/sDHNaRhDEMwyI/aB22Kj2qIN8R0cw3z28psEQLYwxVKLsKrMgWg=="
        },
        "has-flag": {
          "version": "4.0.0",
          "resolved": "https://registry.npmjs.org/has-flag/-/has-flag-4.0.0.tgz",
          "integrity": "sha512-EykJT/Q1KjTWctppgIAgfSO0tKVuZUjhgMr17kqTumMl6Afv3EISleU7qZUzoXDFTAHTDC4NOoG/ZxU3EvlMPQ=="
        },
        "ms": {
          "version": "2.1.2",
          "resolved": "https://registry.npmjs.org/ms/-/ms-2.1.2.tgz",
          "integrity": "sha512-sGkPx+VjMtmA6MX27oA4FBFELFCZZ4S4XqeGOXCv68tT+jb3vk/RyaKWP0PTKyWtmLSM0b+adUTEvbs1PEaH2w=="
        },
        "supports-color": {
          "version": "7.1.0",
          "resolved": "https://registry.npmjs.org/supports-color/-/supports-color-7.1.0.tgz",
          "integrity": "sha512-oRSIpR8pxT1Wr2FquTNnGet79b3BWljqOuoW/h4oBhxJ/HUbX5nX6JSruTkvXDCFMwDPvsaTTbvMLKZWSy0R5g==",
          "requires": {
            "has-flag": "^4.0.0"
          }
        }
      }
    },
    "ms": {
      "version": "2.1.2",
      "resolved": "https://registry.npmjs.org/ms/-/ms-2.1.2.tgz",
      "integrity": "sha512-sGkPx+VjMtmA6MX27oA4FBFELFCZZ4S4XqeGOXCv68tT+jb3vk/RyaKWP0PTKyWtmLSM0b+adUTEvbs1PEaH2w=="
    },
    "p5": {
      "version": "1.0.0",
      "resolved": "https://registry.npmjs.org/p5/-/p5-1.0.0.tgz",
      "integrity": "sha512-SYYc6NSHA/mMoF00SdI39FmhifMWl0B74/Bg3T793v+KOAWgXsBfr7snv9cjHFqpcmjtJMuZSOoA55qAETCu1w=="
    },
    "parseqs": {
      "version": "0.0.6",
      "resolved": "https://registry.npmjs.org/parseqs/-/parseqs-0.0.6.tgz",
      "integrity": "sha512-jeAGzMDbfSHHA091hr0r31eYfTig+29g3GKKE/PPbEQ65X0lmMwlEoqmhzu0iztID5uJpZsFlUPDP8ThPL7M8w=="
    },
    "parseuri": {
      "version": "0.0.6",
      "resolved": "https://registry.npmjs.org/parseuri/-/parseuri-0.0.6.tgz",
      "integrity": "sha512-AUjen8sAkGgao7UyCX6Ahv0gIK2fABKmYjvP4xmy5JaKvcbTRueIqIPHLAfq30xJddqSE033IOMUSOMCcK3Sow=="
    },
    "prettier": {
      "version": "2.2.1",
      "resolved": "https://registry.npmjs.org/prettier/-/prettier-2.2.1.tgz",
      "integrity": "sha512-PqyhM2yCjg/oKkFPtTGUojv7gnZAoG80ttl45O6x2Ug/rMJw4wcc9k6aaf2hibP7BGVCCM33gZoGjyvt9mm16Q==",
      "dev": true
    },
    "sdp-transform": {
      "version": "2.14.0",
      "resolved": "https://registry.npmjs.org/sdp-transform/-/sdp-transform-2.14.0.tgz",
      "integrity": "sha512-8ZYOau/o9PzRhY0aMuRzvmiM6/YVQR8yjnBScvZHSdBnywK5oZzAJK+412ZKkDq29naBmR3bRw8MFu0C01Gehg=="
    },
    "socket.io-client": {
      "version": "3.0.3",
      "resolved": "https://registry.npmjs.org/socket.io-client/-/socket.io-client-3.0.3.tgz",
      "integrity": "sha512-kwCJAKb6JMqE9ZYXg78Dgt8rYLSwtJ/g/LJqpb/pOTFRZMSr1cKAsCaisHZ+IBwKHBY7DYOOkjtkHqseY3ZLpw==",
      "requires": {
        "@types/component-emitter": "^1.2.10",
        "backo2": "1.0.2",
        "component-bind": "1.0.0",
        "component-emitter": "~1.3.0",
        "debug": "~4.1.0",
        "engine.io-client": "~4.0.0",
        "parseuri": "0.0.6",
        "socket.io-parser": "~4.0.1"
      },
      "dependencies": {
        "component-emitter": {
          "version": "1.3.0",
          "resolved": "https://registry.npmjs.org/component-emitter/-/component-emitter-1.3.0.tgz",
          "integrity": "sha512-Rd3se6QB+sO1TwqZjscQrurpEPIfO0/yYnSin6Q/rD3mOutHvUrCAhJub3r90uNb+SESBuE0QYoB90YdfatsRg=="
        },
        "socket.io-parser": {
          "version": "4.0.2",
          "resolved": "https://registry.npmjs.org/socket.io-parser/-/socket.io-parser-4.0.2.tgz",
          "integrity": "sha512-Bs3IYHDivwf+bAAuW/8xwJgIiBNtlvnjYRc4PbXgniLmcP1BrakBoq/QhO24rgtgW7VZ7uAaswRGxutUnlAK7g==",
          "requires": {
            "@types/component-emitter": "^1.2.10",
            "component-emitter": "~1.3.0",
            "debug": "~4.1.0"
          }
        }
      }
    },
    "three": {
      "version": "0.115.0",
      "resolved": "https://registry.npmjs.org/three/-/three-0.115.0.tgz",
      "integrity": "sha512-mAV2Ky3RdcbdSbR9capI+tKLvRldWYxd4151PZTT/o7+U2jh9Is3a4KmnYwzyUAhB2ZA3pXSgCd2DOY4Tj5kow=="
    },
    "ws": {
      "version": "7.2.3",
      "resolved": "https://registry.npmjs.org/ws/-/ws-7.2.3.tgz",
      "integrity": "sha512-HTDl9G9hbkNDk98naoR/cHDws7+EyYMOdL1BmjsZXRUjf7d+MficC4B7HLUPlSiho0vg+CWKrGIt/VJBd1xunQ=="
    },
    "xmlhttprequest-ssl": {
      "version": "1.5.5",
      "resolved": "https://registry.npmjs.org/xmlhttprequest-ssl/-/xmlhttprequest-ssl-1.5.5.tgz",
      "integrity": "sha1-wodrBhaKrcQOV9l+gRkayPQ5iz4="
    },
    "yeast": {
      "version": "0.1.2",
      "resolved": "https://registry.npmjs.org/yeast/-/yeast-0.1.2.tgz",
      "integrity": "sha1-AI4G2AlDIMNy28L47XagymyKxBk="
    }
  }
}
